
Microsoft Visual Studio Solution File, Format Version 12.00
# Visual Studio 15
VisualStudioVersion = 15.0.28307.572
MinimumVisualStudioVersion = 10.0.40219.1
Project("{FAE04EC0-301F-11D3-BF4B-00C04F79EFBC}") = "GaussianElimination", "GaussianElimination\GaussianElimination.csproj", "{86F31E8C-ABA0-4A20-82A3-D1969F134511}"
EndProject
Project("{FAE04EC0-301F-11D3-BF4B-00C04F79EFBC}") = "Display", "Display\Display.csproj", "{F08A3DFA-CB01-4E76-A851-1505FA672279}"
EndProject
Global
	GlobalSection(SolutionConfigurationPlatforms) = preSolution
		Debug|Any CPU = Debug|Any CPU
		Release|Any CPU = Release|Any CPU
	EndGlobalSection
	GlobalSection(ProjectConfigurationPlatforms) = postSolution
		{86F31E8C-ABA0-4A20-82A3-D1969F134511}.Debug|Any CPU.ActiveCfg = Debug|Any CPU
		{86F31E8C-ABA0-4A20-82A3-D1969F134511}.Debug|Any CPU.Build.0 = Debug|Any CPU
		{86F31E8C-ABA0-4A20-82A3-D1969F134511}.Release|Any CPU.ActiveCfg = Release|Any CPU
		{86F31E8C-ABA0-4A20-82A3-D1969F134511}.Release|Any CPU.Build.0 = Release|Any CPU
		{F08A3DFA-CB01-4E76-A851-1505FA672279}.Debug|Any CPU.ActiveCfg = Debug|Any CPU
		{F08A3DFA-CB01-4E76-A851-1505FA672279}.Debug|Any CPU.Build.0 = Debug|Any CPU
		{F08A3DFA-CB01-4E76-A851-1505FA672279}.Release|Any CPU.ActiveCfg = Release|Any CPU
		{F08A3DFA-CB01-4E76-A851-1505FA672279}.Release|Any CPU.Build.0 = Release|Any CPU
	EndGlobalSection
	GlobalSection(SolutionProperties) = preSolution
		HideSolutionNode = FALSE
	EndGlobalSection
	GlobalSection(ExtensibilityGlobals) = postSolution
		SolutionGuid = {781375A3-21EE-4684-87E8-51DF16CB18F1}
	EndGlobalSection
EndGlobal
